
Microsoft Visual Studio Solution File, Format Version 12.00
# Visual Studio Version 16
VisualStudioVersion = 16.0.30611.23
MinimumVisualStudioVersion = 10.0.40219.1
Project("{FAE04EC0-301F-11D3-BF4B-00C04F79EFBC}") = "RabbitMQTest", "RabbitMQTest.csproj", "{E4EE89FD-3F9F-4CDA-87E9-5FDAA1EDFFC1}"
EndProject
Global
	GlobalSection(SolutionConfigurationPlatforms) = preSolution
		Debug|Any CPU = Debug|Any CPU
		Release|Any CPU = Release|Any CPU
	EndGlobalSection
	GlobalSection(ProjectConfigurationPlatforms) = postSolution
		{E4EE89FD-3F9F-4CDA-87E9-5FDAA1EDFFC1}.Debug|Any CPU.ActiveCfg = Debug|Any CPU
		{E4EE89FD-3F9F-4CDA-87E9-5FDAA1EDFFC1}.Debug|Any CPU.Build.0 = Debug|Any CPU
		{E4EE89FD-3F9F-4CDA-87E9-5FDAA1EDFFC1}.Release|Any CPU.ActiveCfg = Release|Any CPU
		{E4EE89FD-3F9F-4CDA-87E9-5FDAA1EDFFC1}.Release|Any CPU.Build.0 = Release|Any CPU
	EndGlobalSection
	GlobalSection(SolutionProperties) = preSolution
		HideSolutionNode = FALSE
	EndGlobalSection
	GlobalSection(ExtensibilityGlobals) = postSolution
		SolutionGuid = {BE7957CC-0C0F-4938-8A2E-BC146DB53FCB}
	EndGlobalSection
EndGlobal
